// !$*UTF8*$!
{
	archiveVersion = 1;
	classes = {
	};
	objectVersion = 46;
	objects = {

/* Begin PBXBuildFile section */
		274AAD281CC4CADB000EF09A /* main.cpp in Sources */ = {isa = PBXBuildFile; fileRef = 274AAD271CC4CADB000EF09A /* main.cpp */; };
		274AAD3B1CC4CF96000EF09A /* Model_PLY.cpp in Sources */ = {isa = PBXBuildFile; fileRef = 274AAD351CC4CF96000EF09A /* Model_PLY.cpp */; };
		274AAD3D1CC4D236000EF09A /* OpenGL.framework in Frameworks */ = {isa = PBXBuildFile; fileRef = 274AAD3C1CC4D236000EF09A /* OpenGL.framework */; };
		274AAD3F1CC4D23C000EF09A /* GLUT.framework in Frameworks */ = {isa = PBXBuildFile; fileRef = 274AAD3E1CC4D23C000EF09A /* GLUT.framework */; };
		274AAD421CC4D4D5000EF09A /* OBJLoader.cpp in Sources */ = {isa = PBXBuildFile; fileRef = 274AAD401CC4D4D5000EF09A /* OBJLoader.cpp */; };
/* End PBXBuildFile section */

/* Begin PBXCopyFilesBuildPhase section */
		274AAD221CC4CADB000EF09A /* CopyFiles */ = {
			isa = PBXCopyFilesBuildPhase;
			buildActionMask = 2147483647;
			dstPath = /usr/share/man/man1/;
			dstSubfolderSpec = 0;
			files = (
			);
			runOnlyForDeploymentPostprocessing = 1;
		};
/* End PBXCopyFilesBuildPhase section */

/* Begin PBXFileReference section */
		274AAD241CC4CADB000EF09A /* ModelsFromFile */ = {isa = PBXFileReference; explicitFileType = "compiled.mach-o.executable"; includeInIndex = 0; path = ModelsFromFile; sourceTree = BUILT_PRODUCTS_DIR; };
		274AAD271CC4CADB000EF09A /* main.cpp */ = {isa = PBXFileReference; lastKnownFileType = sourcecode.cpp.cpp; path = main.cpp; sourceTree = "<group>"; };
		274AAD2E1CC4CDFF000EF09A /* Main.h */ = {isa = PBXFileReference; fileEncoding = 4; lastKnownFileType = sourcecode.c.h; path = Main.h; sourceTree = "<group>"; };
		274AAD2F1CC4CF96000EF09A /* bun_zipper.ply */ = {isa = PBXFileReference; fileEncoding = 4; lastKnownFileType = text; path = bun_zipper.ply; sourceTree = "<group>"; };
		274AAD301CC4CF96000EF09A /* cow.ply */ = {isa = PBXFileReference; fileEncoding = 4; lastKnownFileType = text; path = cow.ply; sourceTree = "<group>"; };
		274AAD321CC4CF96000EF09A /* Model_PLY.h */ = {isa = PBXFileReference; fileEncoding = 4; lastKnownFileType = sourcecode.c.h; path = Model_PLY.h; sourceTree = "<group>"; };
		274AAD331CC4CF96000EF09A /* turbine.ply */ = {isa = PBXFileReference; fileEncoding = 4; lastKnownFileType = text; path = turbine.ply; sourceTree = "<group>"; };
		274AAD351CC4CF96000EF09A /* Model_PLY.cpp */ = {isa = PBXFileReference; fileEncoding = 4; lastKnownFileType = sourcecode.cpp.cpp; path = Model_PLY.cpp; sourceTree = "<group>"; };
		274AAD371CC4CF96000EF09A /* street_lamp.ply */ = {isa = PBXFileReference; fileEncoding = 4; lastKnownFileType = text; path = street_lamp.ply; sourceTree = "<group>"; };
		274AAD381CC4CF96000EF09A /* sandal.ply */ = {isa = PBXFileReference; fileEncoding = 4; lastKnownFileType = text; path = sandal.ply; sourceTree = "<group>"; };
		274AAD3C1CC4D236000EF09A /* OpenGL.framework */ = {isa = PBXFileReference; lastKnownFileType = wrapper.framework; name = OpenGL.framework; path = System/Library/Frameworks/OpenGL.framework; sourceTree = SDKROOT; };
		274AAD3E1CC4D23C000EF09A /* GLUT.framework */ = {isa = PBXFileReference; lastKnownFileType = wrapper.framework; name = GLUT.framework; path = System/Library/Frameworks/GLUT.framework; sourceTree = SDKROOT; };
		274AAD401CC4D4D5000EF09A /* OBJLoader.cpp */ = {isa = PBXFileReference; fileEncoding = 4; lastKnownFileType = sourcecode.cpp.cpp; path = OBJLoader.cpp; sourceTree = "<group>"; };
		274AAD411CC4D4D5000EF09A /* OBJLoader.hpp */ = {isa = PBXFileReference; fileEncoding = 4; lastKnownFileType = sourcecode.cpp.h; path = OBJLoader.hpp; sourceTree = "<group>"; };
		274AAD431CC4D68E000EF09A /* diamond.obj */ = {isa = PBXFileReference; fileEncoding = 4; lastKnownFileType = text; path = diamond.obj; sourceTree = "<group>"; };
		274AAD441CC4D7E4000EF09A /* teapot.obj */ = {isa = PBXFileReference; fileEncoding = 4; lastKnownFileType = text; path = teapot.obj; sourceTree = "<group>"; };
/* End PBXFileReference section */

/* Begin PBXFrameworksBuildPhase section */
		274AAD211CC4CADB000EF09A /* Frameworks */ = {
			isa = PBXFrameworksBuildPhase;
			buildActionMask = 2147483647;
			files = (
				274AAD3F1CC4D23C000EF09A /* GLUT.framework in Frameworks */,
				274AAD3D1CC4D236000EF09A /* OpenGL.framework in Frameworks */,
			);
			runOnlyForDeploymentPostprocessing = 0;
		};
/* End PBXFrameworksBuildPhase section */

/* Begin PBXGroup section */
		274AAD1B1CC4CADB000EF09A = {
			isa = PBXGroup;
			children = (
				274AAD3E1CC4D23C000EF09A /* GLUT.framework */,
				274AAD3C1CC4D236000EF09A /* OpenGL.framework */,
				274AAD261CC4CADB000EF09A /* ModelsFromFile */,
				274AAD251CC4CADB000EF09A /* Products */,
			);
			sourceTree = "<group>";
		};
		274AAD251CC4CADB000EF09A /* Products */ = {
			isa = PBXGroup;
			children = (
				274AAD241CC4CADB000EF09A /* ModelsFromFile */,
			);
			name = Products;
			sourceTree = "<group>";
		};
		274AAD261CC4CADB000EF09A /* ModelsFromFile */ = {
			isa = PBXGroup;
			children = (
				274AAD441CC4D7E4000EF09A /* teapot.obj */,
				274AAD2F1CC4CF96000EF09A /* bun_zipper.ply */,
				274AAD301CC4CF96000EF09A /* cow.ply */,
				274AAD321CC4CF96000EF09A /* Model_PLY.h */,
				274AAD331CC4CF96000EF09A /* turbine.ply */,
				274AAD351CC4CF96000EF09A /* Model_PLY.cpp */,
				274AAD371CC4CF96000EF09A /* street_lamp.ply */,
				274AAD381CC4CF96000EF09A /* sandal.ply */,
				274AAD271CC4CADB000EF09A /* main.cpp */,
				274AAD2E1CC4CDFF000EF09A /* Main.h */,
				274AAD401CC4D4D5000EF09A /* OBJLoader.cpp */,
				274AAD411CC4D4D5000EF09A /* OBJLoader.hpp */,
				274AAD431CC4D68E000EF09A /* diamond.obj */,
			);
			path = ModelsFromFile;
			sourceTree = "<group>";
		};
/* End PBXGroup section */

/* Begin PBXNativeTarget section */
		274AAD231CC4CADB000EF09A /* ModelsFromFile */ = {
			isa = PBXNativeTarget;
			buildConfigurationList = 274AAD2B1CC4CADB000EF09A /* Build configuration list for PBXNativeTarget "ModelsFromFile" */;
			buildPhases = (
				274AAD201CC4CADB000EF09A /* Sources */,
				274AAD211CC4CADB000EF09A /* Frameworks */,
				274AAD221CC4CADB000EF09A /* CopyFiles */,
			);
			buildRules = (
			);
			dependencies = (
			);
			name = ModelsFromFile;
			productName = ModelsFromFile;
			productReference = 274AAD241CC4CADB000EF09A /* ModelsFromFile */;
			productType = "com.apple.product-type.tool";
		};
/* End PBXNativeTarget section */

/* Begin PBXProject section */
		274AAD1C1CC4CADB000EF09A /* Project object */ = {
			isa = PBXProject;
			attributes = {
				LastUpgradeCheck = 0730;
				ORGANIZATIONNAME = "Laura del Pino Díaz";
				TargetAttributes = {
					274AAD231CC4CADB000EF09A = {
						CreatedOnToolsVersion = 7.3;
					};
				};
			};
			buildConfigurationList = 274AAD1F1CC4CADB000EF09A /* Build configuration list for PBXProject "ModelsFromFile" */;
			compatibilityVersion = "Xcode 3.2";
			developmentRegion = English;
			hasScannedForEncodings = 0;
			knownRegions = (
				en,
			);
			mainGroup = 274AAD1B1CC4CADB000EF09A;
			productRefGroup = 274AAD251CC4CADB000EF09A /* Products */;
			projectDirPath = "";
			projectRoot = "";
			targets = (
				274AAD231CC4CADB000EF09A /* ModelsFromFile */,
			);
		};
/* End PBXProject section */

/* Begin PBXSourcesBuildPhase section */
		274AAD201CC4CADB000EF09A /* Sources */ = {
			isa = PBXSourcesBuildPhase;
			buildActionMask = 2147483647;
			files = (
				274AAD421CC4D4D5000EF09A /* OBJLoader.cpp in Sources */,
				274AAD281CC4CADB000EF09A /* main.cpp in Sources */,
				274AAD3B1CC4CF96000EF09A /* Model_PLY.cpp in Sources */,
			);
			runOnlyForDeploymentPostprocessing = 0;
		};
/* End PBXSourcesBuildPhase section */

/* Begin XCBuildConfiguration section */
		274AAD291CC4CADB000EF09A /* Debug */ = {
			isa = XCBuildConfiguration;
			buildSettings = {
				ALWAYS_SEARCH_USER_PATHS = NO;
				CLANG_ANALYZER_NONNULL = YES;
				CLANG_CXX_LANGUAGE_STANDARD = "gnu++0x";
				CLANG_CXX_LIBRARY = "libc++";
				CLANG_ENABLE_MODULES = YES;
				CLANG_ENABLE_OBJC_ARC = YES;
				CLANG_WARN_BOOL_CONVERSION = YES;
				CLANG_WARN_CONSTANT_CONVERSION = YES;
				CLANG_WARN_DIRECT_OBJC_ISA_USAGE = YES_ERROR;
				CLANG_WARN_EMPTY_BODY = YES;
				CLANG_WARN_ENUM_CONVERSION = YES;
				CLANG_WARN_INT_CONVERSION = YES;
				CLANG_WARN_OBJC_ROOT_CLASS = YES_ERROR;
				CLANG_WARN_UNREACHABLE_CODE = YES;
				CLANG_WARN__DUPLICATE_METHOD_MATCH = YES;
				CODE_SIGN_IDENTITY = "-";
				COPY_PHASE_STRIP = NO;
				DEBUG_INFORMATION_FORMAT = dwarf;
				ENABLE_STRICT_OBJC_MSGSEND = YES;
				ENABLE_TESTABILITY = YES;
				GCC_C_LANGUAGE_STANDARD = gnu99;
				GCC_DYNAMIC_NO_PIC = NO;
				GCC_NO_COMMON_BLOCKS = YES;
				GCC_OPTIMIZATION_LEVEL = 0;
				GCC_PREPROCESSOR_DEFINITIONS = (
					"DEBUG=1",
					"$(inherited)",
				);
				GCC_WARN_64_TO_32_BIT_CONVERSION = YES;
				GCC_WARN_ABOUT_RETURN_TYPE = YES_ERROR;
				GCC_WARN_UNDECLARED_SELECTOR = YES;
				GCC_WARN_UNINITIALIZED_AUTOS = YES_AGGRESSIVE;
				GCC_WARN_UNUSED_FUNCTION = YES;
				GCC_WARN_UNUSED_VARIABLE = YES;
				MACOSX_DEPLOYMENT_TARGET = 10.11;
				MTL_ENABLE_DEBUG_INFO = YES;
				ONLY_ACTIVE_ARCH = YES;
				SDKROOT = macosx;
			};
			name = Debug;
		};
		274AAD2A1CC4CADB000EF09A /* Release */ = {
			isa = XCBuildConfiguration;
			buildSettings = {
				ALWAYS_SEARCH_USER_PATHS = NO;
				CLANG_ANALYZER_NONNULL = YES;
				CLANG_CXX_LANGUAGE_STANDARD = "gnu++0x";
				CLANG_CXX_LIBRARY = "libc++";
				CLANG_ENABLE_MODULES = YES;
				CLANG_ENABLE_OBJC_ARC = YES;
				CLANG_WARN_BOOL_CONVERSION = YES;
				CLANG_WARN_CONSTANT_CONVERSION = YES;
				CLANG_WARN_DIRECT_OBJC_ISA_USAGE = YES_ERROR;
				CLANG_WARN_EMPTY_BODY = YES;
				CLANG_WARN_ENUM_CONVERSION = YES;
				CLANG_WARN_INT_CONVERSION = YES;
				CLANG_WARN_OBJC_ROOT_CLASS = YES_ERROR;
				CLANG_WARN_UNREACHABLE_CODE = YES;
				CLANG_WARN__DUPLICATE_METHOD_MATCH = YES;
				CODE_SIGN_IDENTITY = "-";
				COPY_PHASE_STRIP = NO;
				DEBUG_INFORMATION_FORMAT = "dwarf-with-dsym";
				ENABLE_NS_ASSERTIONS = NO;
				ENABLE_STRICT_OBJC_MSGSEND = YES;
				GCC_C_LANGUAGE_STANDARD = gnu99;
				GCC_NO_COMMON_BLOCKS = YES;
				GCC_WARN_64_TO_32_BIT_CONVERSION = YES;
				GCC_WARN_ABOUT_RETURN_TYPE = YES_ERROR;
				GCC_WARN_UNDECLARED_SELECTOR = YES;
				GCC_WARN_UNINITIALIZED_AUTOS = YES_AGGRESSIVE;
				GCC_WARN_UNUSED_FUNCTION = YES;
				GCC_WARN_UNUSED_VARIABLE = YES;
				MACOSX_DEPLOYMENT_TARGET = 10.11;
				MTL_ENABLE_DEBUG_INFO = NO;
				SDKROOT = macosx;
			};
			name = Release;
		};
		274AAD2C1CC4CADB000EF09A /* Debug */ = {
			isa = XCBuildConfiguration;
			buildSettings = {
				PRODUCT_NAME = "$(TARGET_NAME)";
			};
			name = Debug;
		};
		274AAD2D1CC4CADB000EF09A /* Release */ = {
			isa = XCBuildConfiguration;
			buildSettings = {
				PRODUCT_NAME = "$(TARGET_NAME)";
			};
			name = Release;
		};
/* End XCBuildConfiguration section */

/* Begin XCConfigurationList section */
		274AAD1F1CC4CADB000EF09A /* Build configuration list for PBXProject "ModelsFromFile" */ = {
			isa = XCConfigurationList;
			buildConfigurations = (
				274AAD291CC4CADB000EF09A /* Debug */,
				274AAD2A1CC4CADB000EF09A /* Release */,
			);
			defaultConfigurationIsVisible = 0;
			defaultConfigurationName = Release;
		};
		274AAD2B1CC4CADB000EF09A /* Build configuration list for PBXNativeTarget "ModelsFromFile" */ = {
			isa = XCConfigurationList;
			buildConfigurations = (
				274AAD2C1CC4CADB000EF09A /* Debug */,
				274AAD2D1CC4CADB000EF09A /* Release */,
			);
			defaultConfigurationIsVisible = 0;
		};
/* End XCConfigurationList section */
	};
	rootObject = 274AAD1C1CC4CADB000EF09A /* Project object */;
}
